
Microsoft Visual Studio Solution File, Format Version 12.00
# Visual Studio Version 16
VisualStudioVersion = 16.0.31313.381
MinimumVisualStudioVersion = 10.0.40219.1
Project("{2150E333-8FDC-42A3-9474-1A3956D46DE8}") = "Solution Items", "Solution Items", "{D6502020-75D4-4877-9CE8-B32DA5854552}"
	ProjectSection(SolutionItems) = preProject
		global.json = global.json
		README.markdown = README.markdown
	EndProjectSection
EndProject
Project("{9A19103F-16F7-4668-BE54-9A1E7A4F7556}") = "kushalhada", "kushalhada\kushalhada.csproj", "{1FDD2A5C-C060-452F-9F52-BA343F6BD2D3}"
EndProject
Project("{2150E333-8FDC-42A3-9474-1A3956D46DE8}") = ".github", ".github", "{ECEC75E9-3BBA-4C6E-9FD3-16FB883E1193}"
EndProject
Project("{2150E333-8FDC-42A3-9474-1A3956D46DE8}") = "workflows", "workflows", "{F35E502A-5161-4FE4-9317-3B9BB2863426}"
	ProjectSection(SolutionItems) = preProject
		build.yml = build.yml
	EndProjectSection
EndProject
Global
	GlobalSection(SolutionConfigurationPlatforms) = preSolution
		Debug|Any CPU = Debug|Any CPU
		Release|Any CPU = Release|Any CPU
	EndGlobalSection
	GlobalSection(ProjectConfigurationPlatforms) = postSolution
		{1FDD2A5C-C060-452F-9F52-BA343F6BD2D3}.Debug|Any CPU.ActiveCfg = Debug|Any CPU
		{1FDD2A5C-C060-452F-9F52-BA343F6BD2D3}.Debug|Any CPU.Build.0 = Debug|Any CPU
		{1FDD2A5C-C060-452F-9F52-BA343F6BD2D3}.Release|Any CPU.ActiveCfg = Release|Any CPU
		{1FDD2A5C-C060-452F-9F52-BA343F6BD2D3}.Release|Any CPU.Build.0 = Release|Any CPU
	EndGlobalSection
	GlobalSection(SolutionProperties) = preSolution
		HideSolutionNode = FALSE
	EndGlobalSection
	GlobalSection(NestedProjects) = preSolution
		{F35E502A-5161-4FE4-9317-3B9BB2863426} = {ECEC75E9-3BBA-4C6E-9FD3-16FB883E1193}
	EndGlobalSection
	GlobalSection(ExtensibilityGlobals) = postSolution
		SolutionGuid = {2BC3A798-E5F6-4634-9400-BD2B1AB7A07A}
	EndGlobalSection
EndGlobal
